// !$*UTF8*$!
{
	archiveVersion = 1;
	classes = {
	};
	objectVersion = 46;
	objects = {

/* Begin PBXBuildFile section */
		006D720419952D00008149E2 /* AVFoundation.framework in Frameworks */ = {isa = PBXBuildFile; fileRef = 006D720219952D00008149E2 /* AVFoundation.framework */; };
		006D720519952D00008149E2 /* CoreMedia.framework in Frameworks */ = {isa = PBXBuildFile; fileRef = 006D720319952D00008149E2 /* CoreMedia.framework */; };
		0091D8F90E81B9330029341E /* OpenGL.framework in Frameworks */ = {isa = PBXBuildFile; fileRef = 0091D8F80E81B9330029341E /* OpenGL.framework */; };
		00B784B30FF439BC000DE1D7 /* Accelerate.framework in Frameworks */ = {isa = PBXBuildFile; fileRef = 00B784AF0FF439BC000DE1D7 /* Accelerate.framework */; };
		00B784B40FF439BC000DE1D7 /* AudioToolbox.framework in Frameworks */ = {isa = PBXBuildFile; fileRef = 00B784B00FF439BC000DE1D7 /* AudioToolbox.framework */; };
		00B784B50FF439BC000DE1D7 /* AudioUnit.framework in Frameworks */ = {isa = PBXBuildFile; fileRef = 00B784B10FF439BC000DE1D7 /* AudioUnit.framework */; };
		00B784B60FF439BC000DE1D7 /* CoreAudio.framework in Frameworks */ = {isa = PBXBuildFile; fileRef = 00B784B20FF439BC000DE1D7 /* CoreAudio.framework */; };
		00B9955A1B128DF400A5C623 /* IOKit.framework in Frameworks */ = {isa = PBXBuildFile; fileRef = 00B995581B128DF400A5C623 /* IOKit.framework */; };
		00B9955B1B128DF400A5C623 /* IOSurface.framework in Frameworks */ = {isa = PBXBuildFile; fileRef = 00B995591B128DF400A5C623 /* IOSurface.framework */; };
		4A69F3EE1D186E3100CA3069 /* bullet.cpp in Sources */ = {isa = PBXBuildFile; fileRef = 4A69F3ED1D186E3100CA3069 /* bullet.cpp */; };
		5323E6B20EAFCA74003A9687 /* CoreVideo.framework in Frameworks */ = {isa = PBXBuildFile; fileRef = 5323E6B10EAFCA74003A9687 /* CoreVideo.framework */; };
		767BA203E74044589D981D44 /* asteroidServerApp.cpp in Sources */ = {isa = PBXBuildFile; fileRef = D48C7250EA4A44FDBBEE1F33 /* asteroidServerApp.cpp */; };
		8D11072F0486CEB800E47090 /* Cocoa.framework in Frameworks */ = {isa = PBXBuildFile; fileRef = 1058C7A1FEA54F0111CA2CBB /* Cocoa.framework */; };
		A9627D21206B485197065213 /* Osc.cpp in Sources */ = {isa = PBXBuildFile; fileRef = 402E7727DD9B4822A415B546 /* Osc.cpp */; };
		C141DD654B3148ED890922C1 /* CinderApp.icns in Resources */ = {isa = PBXBuildFile; fileRef = 5A4C6D4C37C248749FEC2148 /* CinderApp.icns */; };
/* End PBXBuildFile section */

/* Begin PBXFileReference section */
		006D720219952D00008149E2 /* AVFoundation.framework */ = {isa = PBXFileReference; lastKnownFileType = wrapper.framework; name = AVFoundation.framework; path = System/Library/Frameworks/AVFoundation.framework; sourceTree = SDKROOT; };
		006D720319952D00008149E2 /* CoreMedia.framework */ = {isa = PBXFileReference; lastKnownFileType = wrapper.framework; name = CoreMedia.framework; path = System/Library/Frameworks/CoreMedia.framework; sourceTree = SDKROOT; };
		0091D8F80E81B9330029341E /* OpenGL.framework */ = {isa = PBXFileReference; lastKnownFileType = wrapper.framework; name = OpenGL.framework; path = /System/Library/Frameworks/OpenGL.framework; sourceTree = "<absolute>"; };
		00B784AF0FF439BC000DE1D7 /* Accelerate.framework */ = {isa = PBXFileReference; lastKnownFileType = wrapper.framework; name = Accelerate.framework; path = System/Library/Frameworks/Accelerate.framework; sourceTree = SDKROOT; };
		00B784B00FF439BC000DE1D7 /* AudioToolbox.framework */ = {isa = PBXFileReference; lastKnownFileType = wrapper.framework; name = AudioToolbox.framework; path = System/Library/Frameworks/AudioToolbox.framework; sourceTree = SDKROOT; };
		00B784B10FF439BC000DE1D7 /* AudioUnit.framework */ = {isa = PBXFileReference; lastKnownFileType = wrapper.framework; name = AudioUnit.framework; path = System/Library/Frameworks/AudioUnit.framework; sourceTree = SDKROOT; };
		00B784B20FF439BC000DE1D7 /* CoreAudio.framework */ = {isa = PBXFileReference; lastKnownFileType = wrapper.framework; name = CoreAudio.framework; path = System/Library/Frameworks/CoreAudio.framework; sourceTree = SDKROOT; };
		00B995581B128DF400A5C623 /* IOKit.framework */ = {isa = PBXFileReference; lastKnownFileType = wrapper.framework; name = IOKit.framework; path = System/Library/Frameworks/IOKit.framework; sourceTree = SDKROOT; };
		00B995591B128DF400A5C623 /* IOSurface.framework */ = {isa = PBXFileReference; lastKnownFileType = wrapper.framework; name = IOSurface.framework; path = System/Library/Frameworks/IOSurface.framework; sourceTree = SDKROOT; };
		1058C7A1FEA54F0111CA2CBB /* Cocoa.framework */ = {isa = PBXFileReference; lastKnownFileType = wrapper.framework; name = Cocoa.framework; path = /System/Library/Frameworks/Cocoa.framework; sourceTree = "<absolute>"; };
		29B97324FDCFA39411CA2CEA /* AppKit.framework */ = {isa = PBXFileReference; lastKnownFileType = wrapper.framework; name = AppKit.framework; path = /System/Library/Frameworks/AppKit.framework; sourceTree = "<absolute>"; };
		29B97325FDCFA39411CA2CEA /* Foundation.framework */ = {isa = PBXFileReference; lastKnownFileType = wrapper.framework; name = Foundation.framework; path = /System/Library/Frameworks/Foundation.framework; sourceTree = "<absolute>"; };
		402E7727DD9B4822A415B546 /* Osc.cpp */ = {isa = PBXFileReference; lastKnownFileType = sourcecode.c.cpp; name = Osc.cpp; path = ../blocks/OSC/src/Osc.cpp; sourceTree = "<group>"; };
		4A69F3ED1D186E3100CA3069 /* bullet.cpp */ = {isa = PBXFileReference; fileEncoding = 4; lastKnownFileType = sourcecode.cpp.cpp; name = bullet.cpp; path = ../src/bullet.cpp; sourceTree = "<group>"; };
		4A69F3EF1D186E3F00CA3069 /* bullet.h */ = {isa = PBXFileReference; lastKnownFileType = sourcecode.c.h; name = bullet.h; path = ../src/bullet.h; sourceTree = "<group>"; };
		5323E6B10EAFCA74003A9687 /* CoreVideo.framework */ = {isa = PBXFileReference; lastKnownFileType = wrapper.framework; name = CoreVideo.framework; path = /System/Library/Frameworks/CoreVideo.framework; sourceTree = "<absolute>"; };
		5A4C6D4C37C248749FEC2148 /* CinderApp.icns */ = {isa = PBXFileReference; lastKnownFileType = image.icns; name = CinderApp.icns; path = ../resources/CinderApp.icns; sourceTree = "<group>"; };
		8D1107320486CEB800E47090 /* asteroidServer.app */ = {isa = PBXFileReference; explicitFileType = wrapper.application; includeInIndex = 0; path = asteroidServer.app; sourceTree = BUILT_PRODUCTS_DIR; };
		D48C7250EA4A44FDBBEE1F33 /* asteroidServerApp.cpp */ = {isa = PBXFileReference; lastKnownFileType = sourcecode.c.cpp; name = asteroidServerApp.cpp; path = ../src/asteroidServerApp.cpp; sourceTree = "<group>"; };
		D6159CCC72BB4AF995E09050 /* Info.plist */ = {isa = PBXFileReference; lastKnownFileType = text.plist.xml; path = Info.plist; sourceTree = "<group>"; };
		DAC61CF60F094CA8ACDDD0CF /* asteroidServer_Prefix.pch */ = {isa = PBXFileReference; lastKnownFileType = "\"\""; path = asteroidServer_Prefix.pch; sourceTree = "<group>"; };
		DE35C846A0544848B5687204 /* Resources.h */ = {isa = PBXFileReference; lastKnownFileType = sourcecode.c.h; name = Resources.h; path = ../include/Resources.h; sourceTree = "<group>"; };
		ED4A1836E0174E0AA45487CD /* Osc.h */ = {isa = PBXFileReference; lastKnownFileType = sourcecode.c.h; name = Osc.h; path = ../blocks/OSC/src/Osc.h; sourceTree = "<group>"; };
/* End PBXFileReference section */

/* Begin PBXFrameworksBuildPhase section */
		8D11072E0486CEB800E47090 /* Frameworks */ = {
			isa = PBXFrameworksBuildPhase;
			buildActionMask = 2147483647;
			files = (
				006D720419952D00008149E2 /* AVFoundation.framework in Frameworks */,
				006D720519952D00008149E2 /* CoreMedia.framework in Frameworks */,
				8D11072F0486CEB800E47090 /* Cocoa.framework in Frameworks */,
				0091D8F90E81B9330029341E /* OpenGL.framework in Frameworks */,
				5323E6B20EAFCA74003A9687 /* CoreVideo.framework in Frameworks */,
				00B784B30FF439BC000DE1D7 /* Accelerate.framework in Frameworks */,
				00B784B40FF439BC000DE1D7 /* AudioToolbox.framework in Frameworks */,
				00B784B50FF439BC000DE1D7 /* AudioUnit.framework in Frameworks */,
				00B784B60FF439BC000DE1D7 /* CoreAudio.framework in Frameworks */,
				00B9955A1B128DF400A5C623 /* IOKit.framework in Frameworks */,
				00B9955B1B128DF400A5C623 /* IOSurface.framework in Frameworks */,
			);
			runOnlyForDeploymentPostprocessing = 0;
		};
/* End PBXFrameworksBuildPhase section */

/* Begin PBXGroup section */
		01B97315FEAEA392516A2CEA /* Blocks */ = {
			isa = PBXGroup;
			children = (
				53B5B85C72C746699186405B /* OSC */,
			);
			name = Blocks;
			sourceTree = "<group>";
		};
		080E96DDFE201D6D7F000001 /* Source */ = {
			isa = PBXGroup;
			children = (
				D48C7250EA4A44FDBBEE1F33 /* asteroidServerApp.cpp */,
				4A69F3ED1D186E3100CA3069 /* bullet.cpp */,
			);
			name = Source;
			sourceTree = "<group>";
		};
		0B3A5BBB70C24E8B9A7E2AEE /* src */ = {
			isa = PBXGroup;
			children = (
				402E7727DD9B4822A415B546 /* Osc.cpp */,
				ED4A1836E0174E0AA45487CD /* Osc.h */,
			);
			name = src;
			sourceTree = "<group>";
		};
		1058C7A0FEA54F0111CA2CBB /* Linked Frameworks */ = {
			isa = PBXGroup;
			children = (
				006D720219952D00008149E2 /* AVFoundation.framework */,
				006D720319952D00008149E2 /* CoreMedia.framework */,
				00B784AF0FF439BC000DE1D7 /* Accelerate.framework */,
				00B784B00FF439BC000DE1D7 /* AudioToolbox.framework */,
				00B784B10FF439BC000DE1D7 /* AudioUnit.framework */,
				00B784B20FF439BC000DE1D7 /* CoreAudio.framework */,
				5323E6B10EAFCA74003A9687 /* CoreVideo.framework */,
				0091D8F80E81B9330029341E /* OpenGL.framework */,
				1058C7A1FEA54F0111CA2CBB /* Cocoa.framework */,
				00B995581B128DF400A5C623 /* IOKit.framework */,
				00B995591B128DF400A5C623 /* IOSurface.framework */,
			);
			name = "Linked Frameworks";
			sourceTree = "<group>";
		};
		1058C7A2FEA54F0111CA2CBB /* Other Frameworks */ = {
			isa = PBXGroup;
			children = (
				29B97324FDCFA39411CA2CEA /* AppKit.framework */,
				29B97325FDCFA39411CA2CEA /* Foundation.framework */,
			);
			name = "Other Frameworks";
			sourceTree = "<group>";
		};
		19C28FACFE9D520D11CA2CBB /* Products */ = {
			isa = PBXGroup;
			children = (
				8D1107320486CEB800E47090 /* asteroidServer.app */,
			);
			name = Products;
			sourceTree = "<group>";
		};
		29B97314FDCFA39411CA2CEA /* asteroidServer */ = {
			isa = PBXGroup;
			children = (
				01B97315FEAEA392516A2CEA /* Blocks */,
				29B97315FDCFA39411CA2CEA /* Headers */,
				080E96DDFE201D6D7F000001 /* Source */,
				29B97317FDCFA39411CA2CEA /* Resources */,
				29B97323FDCFA39411CA2CEA /* Frameworks */,
				19C28FACFE9D520D11CA2CBB /* Products */,
			);
			name = asteroidServer;
			sourceTree = "<group>";
		};
		29B97315FDCFA39411CA2CEA /* Headers */ = {
			isa = PBXGroup;
			children = (
				DE35C846A0544848B5687204 /* Resources.h */,
				DAC61CF60F094CA8ACDDD0CF /* asteroidServer_Prefix.pch */,
				4A69F3EF1D186E3F00CA3069 /* bullet.h */,
			);
			name = Headers;
			sourceTree = "<group>";
		};
		29B97317FDCFA39411CA2CEA /* Resources */ = {
			isa = PBXGroup;
			children = (
				5A4C6D4C37C248749FEC2148 /* CinderApp.icns */,
				D6159CCC72BB4AF995E09050 /* Info.plist */,
			);
			name = Resources;
			sourceTree = "<group>";
		};
		29B97323FDCFA39411CA2CEA /* Frameworks */ = {
			isa = PBXGroup;
			children = (
				1058C7A0FEA54F0111CA2CBB /* Linked Frameworks */,
				1058C7A2FEA54F0111CA2CBB /* Other Frameworks */,
			);
			name = Frameworks;
			sourceTree = "<group>";
		};
		53B5B85C72C746699186405B /* OSC */ = {
			isa = PBXGroup;
			children = (
				0B3A5BBB70C24E8B9A7E2AEE /* src */,
			);
			name = OSC;
			sourceTree = "<group>";
		};
/* End PBXGroup section */

/* Begin PBXNativeTarget section */
		8D1107260486CEB800E47090 /* asteroidServer */ = {
			isa = PBXNativeTarget;
			buildConfigurationList = C01FCF4A08A954540054247B /* Build configuration list for PBXNativeTarget "asteroidServer" */;
			buildPhases = (
				8D1107290486CEB800E47090 /* Resources */,
				8D11072C0486CEB800E47090 /* Sources */,
				8D11072E0486CEB800E47090 /* Frameworks */,
			);
			buildRules = (
			);
			dependencies = (
			);
			name = asteroidServer;
			productInstallPath = "$(HOME)/Applications";
			productName = asteroidServer;
			productReference = 8D1107320486CEB800E47090 /* asteroidServer.app */;
			productType = "com.apple.product-type.application";
		};
/* End PBXNativeTarget section */

/* Begin PBXProject section */
		29B97313FDCFA39411CA2CEA /* Project object */ = {
			isa = PBXProject;
			attributes = {
			};
			buildConfigurationList = C01FCF4E08A954540054247B /* Build configuration list for PBXProject "asteroidServer" */;
			compatibilityVersion = "Xcode 3.2";
			developmentRegion = English;
			hasScannedForEncodings = 1;
			knownRegions = (
				English,
				Japanese,
				French,
				German,
			);
			mainGroup = 29B97314FDCFA39411CA2CEA /* asteroidServer */;
			projectDirPath = "";
			projectRoot = "";
			targets = (
				8D1107260486CEB800E47090 /* asteroidServer */,
			);
		};
/* End PBXProject section */

/* Begin PBXResourcesBuildPhase section */
		8D1107290486CEB800E47090 /* Resources */ = {
			isa = PBXResourcesBuildPhase;
			buildActionMask = 2147483647;
			files = (
				C141DD654B3148ED890922C1 /* CinderApp.icns in Resources */,
			);
			runOnlyForDeploymentPostprocessing = 0;
		};
/* End PBXResourcesBuildPhase section */

/* Begin PBXSourcesBuildPhase section */
		8D11072C0486CEB800E47090 /* Sources */ = {
			isa = PBXSourcesBuildPhase;
			buildActionMask = 2147483647;
			files = (
				767BA203E74044589D981D44 /* asteroidServerApp.cpp in Sources */,
				4A69F3EE1D186E3100CA3069 /* bullet.cpp in Sources */,
				A9627D21206B485197065213 /* Osc.cpp in Sources */,
			);
			runOnlyForDeploymentPostprocessing = 0;
		};
/* End PBXSourcesBuildPhase section */

/* Begin XCBuildConfiguration section */
		C01FCF4B08A954540054247B /* Debug */ = {
			isa = XCBuildConfiguration;
			buildSettings = {
				COMBINE_HIDPI_IMAGES = YES;
				COPY_PHASE_STRIP = NO;
				DEAD_CODE_STRIPPING = YES;
				GCC_DYNAMIC_NO_PIC = NO;
				GCC_INLINES_ARE_PRIVATE_EXTERN = YES;
				GCC_OPTIMIZATION_LEVEL = 0;
				GCC_PRECOMPILE_PREFIX_HEADER = YES;
				GCC_PREFIX_HEADER = asteroidServer_Prefix.pch;
				GCC_PREPROCESSOR_DEFINITIONS = (
					"DEBUG=1",
					"$(inherited)",
				);
				GCC_SYMBOLS_PRIVATE_EXTERN = NO;
				INFOPLIST_FILE = Info.plist;
				INSTALL_PATH = "$(HOME)/Applications";
				OTHER_LDFLAGS = "\"$(CINDER_PATH)/lib/libcinder_d.a\"";
				PRODUCT_BUNDLE_IDENTIFIER = "org.libcinder.${PRODUCT_NAME:rfc1034identifier}";
				PRODUCT_NAME = asteroidServer;
				SYMROOT = ./build;
				WRAPPER_EXTENSION = app;
			};
			name = Debug;
		};
		C01FCF4C08A954540054247B /* Release */ = {
			isa = XCBuildConfiguration;
			buildSettings = {
				COMBINE_HIDPI_IMAGES = YES;
				DEAD_CODE_STRIPPING = YES;
				DEBUG_INFORMATION_FORMAT = "dwarf-with-dsym";
				GCC_FAST_MATH = YES;
				GCC_GENERATE_DEBUGGING_SYMBOLS = NO;
				GCC_INLINES_ARE_PRIVATE_EXTERN = YES;
				GCC_OPTIMIZATION_LEVEL = 3;
				GCC_PRECOMPILE_PREFIX_HEADER = YES;
				GCC_PREFIX_HEADER = asteroidServer_Prefix.pch;
				GCC_PREPROCESSOR_DEFINITIONS = (
					"NDEBUG=1",
					"$(inherited)",
				);
				GCC_SYMBOLS_PRIVATE_EXTERN = NO;
				INFOPLIST_FILE = Info.plist;
				INSTALL_PATH = "$(HOME)/Applications";
				OTHER_LDFLAGS = "\"$(CINDER_PATH)/lib/libcinder.a\"";
				PRODUCT_BUNDLE_IDENTIFIER = "org.libcinder.${PRODUCT_NAME:rfc1034identifier}";
				PRODUCT_NAME = asteroidServer;
				STRIP_INSTALLED_PRODUCT = YES;
				SYMROOT = ./build;
				WRAPPER_EXTENSION = app;
			};
			name = Release;
		};
		C01FCF4F08A954540054247B /* Debug */ = {
			isa = XCBuildConfiguration;
			buildSettings = {
				ALWAYS_SEARCH_USER_PATHS = NO;
				CINDER_PATH = ../../../../dropShadow/Cinder;
				CLANG_CXX_LANGUAGE_STANDARD = "c++11";
				CLANG_CXX_LIBRARY = "libc++";
				ENABLE_TESTABILITY = YES;
				GCC_WARN_ABOUT_RETURN_TYPE = YES;
				GCC_WARN_UNUSED_VARIABLE = YES;
				HEADER_SEARCH_PATHS = "\"$(CINDER_PATH)/include\"";
				MACOSX_DEPLOYMENT_TARGET = 10.8;
				ONLY_ACTIVE_ARCH = YES;
				SDKROOT = macosx;
				USER_HEADER_SEARCH_PATHS = "\"$(CINDER_PATH)/include\" ../include ../blocks/OSC/src";
			};
			name = Debug;
		};
		C01FCF5008A954540054247B /* Release */ = {
			isa = XCBuildConfiguration;
			buildSettings = {
				ALWAYS_SEARCH_USER_PATHS = NO;
				CINDER_PATH = ../../../../dropShadow/Cinder;
				CLANG_CXX_LANGUAGE_STANDARD = "c++11";
				CLANG_CXX_LIBRARY = "libc++";
				GCC_WARN_ABOUT_RETURN_TYPE = YES;
				GCC_WARN_UNUSED_VARIABLE = YES;
				HEADER_SEARCH_PATHS = "\"$(CINDER_PATH)/include\"";
				MACOSX_DEPLOYMENT_TARGET = 10.8;
				SDKROOT = macosx;
				USER_HEADER_SEARCH_PATHS = "\"$(CINDER_PATH)/include\" ../include ../blocks/OSC/src";
			};
			name = Release;
		};
/* End XCBuildConfiguration section */

/* Begin XCConfigurationList section */
		C01FCF4A08A954540054247B /* Build configuration list for PBXNativeTarget "asteroidServer" */ = {
			isa = XCConfigurationList;
			buildConfigurations = (
				C01FCF4B08A954540054247B /* Debug */,
				C01FCF4C08A954540054247B /* Release */,
			);
			defaultConfigurationIsVisible = 0;
			defaultConfigurationName = Release;
		};
		C01FCF4E08A954540054247B /* Build configuration list for PBXProject "asteroidServer" */ = {
			isa = XCConfigurationList;
			buildConfigurations = (
				C01FCF4F08A954540054247B /* Debug */,
				C01FCF5008A954540054247B /* Release */,
			);
			defaultConfigurationIsVisible = 0;
			defaultConfigurationName = Release;
		};
/* End XCConfigurationList section */
	};
	rootObject = 29B97313FDCFA39411CA2CEA /* Project object */;
}
